
Microsoft Visual Studio Solution File, Format Version 12.00
# Visual Studio 15
Project("{FAE04EC0-301F-11D3-BF4B-00C04F79EFBC}") = "FizzBuzzProgram", "FizzBuzzProgram\FizzBuzzProgram.csproj", "{430D67FA-B266-4171-8EC9-ED07C7A5F862}"
EndProject
Project("{FAE04EC0-301F-11D3-BF4B-00C04F79EFBC}") = "FizzBuzzTest", "FizzBuzzTest\FizzBuzzTest.csproj", "{EEFA2517-E957-45A5-8106-87ECEB974DBB}"
EndProject
Global
	GlobalSection(SolutionConfigurationPlatforms) = preSolution
		Debug|Any CPU = Debug|Any CPU
		Release|Any CPU = Release|Any CPU
	EndGlobalSection
	GlobalSection(ProjectConfigurationPlatforms) = postSolution
		{430D67FA-B266-4171-8EC9-ED07C7A5F862}.Debug|Any CPU.ActiveCfg = Debug|Any CPU
		{430D67FA-B266-4171-8EC9-ED07C7A5F862}.Debug|Any CPU.Build.0 = Debug|Any CPU
		{430D67FA-B266-4171-8EC9-ED07C7A5F862}.Release|Any CPU.ActiveCfg = Release|Any CPU
		{430D67FA-B266-4171-8EC9-ED07C7A5F862}.Release|Any CPU.Build.0 = Release|Any CPU
		{EEFA2517-E957-45A5-8106-87ECEB974DBB}.Debug|Any CPU.ActiveCfg = Debug|Any CPU
		{EEFA2517-E957-45A5-8106-87ECEB974DBB}.Debug|Any CPU.Build.0 = Debug|Any CPU
		{EEFA2517-E957-45A5-8106-87ECEB974DBB}.Release|Any CPU.ActiveCfg = Release|Any CPU
		{EEFA2517-E957-45A5-8106-87ECEB974DBB}.Release|Any CPU.Build.0 = Release|Any CPU
	EndGlobalSection
EndGlobal
