
Microsoft Visual Studio Solution File, Format Version 12.00
# Visual Studio 15
Project("{FAE04EC0-301F-11D3-BF4B-00C04F79EFBC}") = "TaskOne", "TaskOne\TaskOne.csproj", "{4A3198D0-FDA3-4C51-BE57-0F28C091618A}"
EndProject
Project("{FAE04EC0-301F-11D3-BF4B-00C04F79EFBC}") = "TaskTwo", "TaskTwo\TaskTwo.csproj", "{36B2E1B8-C08A-4959-BE2D-7F63D08D6AD7}"
EndProject
Project("{FAE04EC0-301F-11D3-BF4B-00C04F79EFBC}") = "TestShowcase", "TestShowcase\TestShowcase.csproj", "{34CB2505-6A69-4506-B222-DFB3EDA0C620}"
EndProject
Global
	GlobalSection(SolutionConfigurationPlatforms) = preSolution
		Debug|Any CPU = Debug|Any CPU
		Release|Any CPU = Release|Any CPU
	EndGlobalSection
	GlobalSection(ProjectConfigurationPlatforms) = postSolution
		{4A3198D0-FDA3-4C51-BE57-0F28C091618A}.Debug|Any CPU.ActiveCfg = Debug|Any CPU
		{4A3198D0-FDA3-4C51-BE57-0F28C091618A}.Debug|Any CPU.Build.0 = Debug|Any CPU
		{4A3198D0-FDA3-4C51-BE57-0F28C091618A}.Release|Any CPU.ActiveCfg = Release|Any CPU
		{4A3198D0-FDA3-4C51-BE57-0F28C091618A}.Release|Any CPU.Build.0 = Release|Any CPU
		{36B2E1B8-C08A-4959-BE2D-7F63D08D6AD7}.Debug|Any CPU.ActiveCfg = Debug|Any CPU
		{36B2E1B8-C08A-4959-BE2D-7F63D08D6AD7}.Debug|Any CPU.Build.0 = Debug|Any CPU
		{36B2E1B8-C08A-4959-BE2D-7F63D08D6AD7}.Release|Any CPU.ActiveCfg = Release|Any CPU
		{36B2E1B8-C08A-4959-BE2D-7F63D08D6AD7}.Release|Any CPU.Build.0 = Release|Any CPU
		{34CB2505-6A69-4506-B222-DFB3EDA0C620}.Debug|Any CPU.ActiveCfg = Debug|Any CPU
		{34CB2505-6A69-4506-B222-DFB3EDA0C620}.Debug|Any CPU.Build.0 = Debug|Any CPU
		{34CB2505-6A69-4506-B222-DFB3EDA0C620}.Release|Any CPU.ActiveCfg = Release|Any CPU
		{34CB2505-6A69-4506-B222-DFB3EDA0C620}.Release|Any CPU.Build.0 = Release|Any CPU
	EndGlobalSection
EndGlobal
